// !$*UTF8*$!
{
	archiveVersion = 1;
	classes = {
	};
	objectVersion = 46;
	objects = {

/* Begin PBXBuildFile section */
		FBAD9DF419DA115C00A38AA3 /* Doge.swift in Sources */ = {isa = PBXBuildFile; fileRef = FBAD9DF319DA115C00A38AA3 /* Doge.swift */; };
		FBB6411419DC7BEA00BD531E /* dogeAgeTests.swift in Sources */ = {isa = PBXBuildFile; fileRef = FBD3BAD419D227F300B16EFF /* dogeAgeTests.swift */; };
		FBB6411619DC7C3900BD531E /* Doge.swift in Sources */ = {isa = PBXBuildFile; fileRef = FBAD9DF319DA115C00A38AA3 /* Doge.swift */; };
		FBD3BABF19D227F300B16EFF /* AppDelegate.swift in Sources */ = {isa = PBXBuildFile; fileRef = FBD3BABE19D227F300B16EFF /* AppDelegate.swift */; };
		FBD3BAC119D227F300B16EFF /* ViewController.swift in Sources */ = {isa = PBXBuildFile; fileRef = FBD3BAC019D227F300B16EFF /* ViewController.swift */; };
		FBD3BAC419D227F300B16EFF /* Main.storyboard in Resources */ = {isa = PBXBuildFile; fileRef = FBD3BAC219D227F300B16EFF /* Main.storyboard */; };
		FBD3BAC619D227F300B16EFF /* Images.xcassets in Resources */ = {isa = PBXBuildFile; fileRef = FBD3BAC519D227F300B16EFF /* Images.xcassets */; };
		FBD3BAC919D227F300B16EFF /* LaunchScreen.xib in Resources */ = {isa = PBXBuildFile; fileRef = FBD3BAC719D227F300B16EFF /* LaunchScreen.xib */; };
		FBD3BADF19D22BA500B16EFF /* doge.png in Resources */ = {isa = PBXBuildFile; fileRef = FBD3BADE19D22BA500B16EFF /* doge.png */; };
/* End PBXBuildFile section */

/* Begin PBXContainerItemProxy section */
		FBD3BACF19D227F300B16EFF /* PBXContainerItemProxy */ = {
			isa = PBXContainerItemProxy;
			containerPortal = FBD3BAB119D227F200B16EFF /* Project object */;
			proxyType = 1;
			remoteGlobalIDString = FBD3BAB819D227F300B16EFF;
			remoteInfo = dogeAge;
		};
/* End PBXContainerItemProxy section */

/* Begin PBXFileReference section */
		FBAD9DF319DA115C00A38AA3 /* Doge.swift */ = {isa = PBXFileReference; fileEncoding = 4; lastKnownFileType = sourcecode.swift; name = Doge.swift; path = dogeAge/Doge.swift; sourceTree = SOURCE_ROOT; };
		FBD3BAB919D227F300B16EFF /* dogeAge.app */ = {isa = PBXFileReference; explicitFileType = wrapper.application; includeInIndex = 0; path = dogeAge.app; sourceTree = BUILT_PRODUCTS_DIR; };
		FBD3BABD19D227F300B16EFF /* Info.plist */ = {isa = PBXFileReference; lastKnownFileType = text.plist.xml; path = Info.plist; sourceTree = "<group>"; };
		FBD3BABE19D227F300B16EFF /* AppDelegate.swift */ = {isa = PBXFileReference; lastKnownFileType = sourcecode.swift; path = AppDelegate.swift; sourceTree = "<group>"; };
		FBD3BAC019D227F300B16EFF /* ViewController.swift */ = {isa = PBXFileReference; lastKnownFileType = sourcecode.swift; path = ViewController.swift; sourceTree = "<group>"; };
		FBD3BAC319D227F300B16EFF /* Base */ = {isa = PBXFileReference; lastKnownFileType = file.storyboard; name = Base; path = Base.lproj/Main.storyboard; sourceTree = "<group>"; };
		FBD3BAC519D227F300B16EFF /* Images.xcassets */ = {isa = PBXFileReference; lastKnownFileType = folder.assetcatalog; path = Images.xcassets; sourceTree = "<group>"; };
		FBD3BAC819D227F300B16EFF /* Base */ = {isa = PBXFileReference; lastKnownFileType = file.xib; name = Base; path = Base.lproj/LaunchScreen.xib; sourceTree = "<group>"; };
		FBD3BACE19D227F300B16EFF /* dogeAgeTests.xctest */ = {isa = PBXFileReference; explicitFileType = wrapper.cfbundle; includeInIndex = 0; path = dogeAgeTests.xctest; sourceTree = BUILT_PRODUCTS_DIR; };
		FBD3BAD319D227F300B16EFF /* Info.plist */ = {isa = PBXFileReference; lastKnownFileType = text.plist.xml; path = Info.plist; sourceTree = "<group>"; };
		FBD3BAD419D227F300B16EFF /* dogeAgeTests.swift */ = {isa = PBXFileReference; lastKnownFileType = sourcecode.swift; path = dogeAgeTests.swift; sourceTree = "<group>"; };
		FBD3BADE19D22BA500B16EFF /* doge.png */ = {isa = PBXFileReference; lastKnownFileType = image.png; path = doge.png; sourceTree = "<group>"; };
/* End PBXFileReference section */

/* Begin PBXFrameworksBuildPhase section */
		FBD3BAB619D227F300B16EFF /* Frameworks */ = {
			isa = PBXFrameworksBuildPhase;
			buildActionMask = 2147483647;
			files = (
			);
			runOnlyForDeploymentPostprocessing = 0;
		};
		FBD3BACB19D227F300B16EFF /* Frameworks */ = {
			isa = PBXFrameworksBuildPhase;
			buildActionMask = 2147483647;
			files = (
			);
			runOnlyForDeploymentPostprocessing = 0;
		};
/* End PBXFrameworksBuildPhase section */

/* Begin PBXGroup section */
		FBD3BAB019D227F200B16EFF = {
			isa = PBXGroup;
			children = (
				FBD3BABB19D227F300B16EFF /* dogeAge */,
				FBD3BAD119D227F300B16EFF /* dogeAgeTests */,
				FBD3BABA19D227F300B16EFF /* Products */,
			);
			sourceTree = "<group>";
		};
		FBD3BABA19D227F300B16EFF /* Products */ = {
			isa = PBXGroup;
			children = (
				FBD3BAB919D227F300B16EFF /* dogeAge.app */,
				FBD3BACE19D227F300B16EFF /* dogeAgeTests.xctest */,
			);
			name = Products;
			sourceTree = "<group>";
		};
		FBD3BABB19D227F300B16EFF /* dogeAge */ = {
			isa = PBXGroup;
			children = (
				FBD3BABE19D227F300B16EFF /* AppDelegate.swift */,
				FBD3BAC019D227F300B16EFF /* ViewController.swift */,
				FBAD9DF319DA115C00A38AA3 /* Doge.swift */,
				FBD3BAC219D227F300B16EFF /* Main.storyboard */,
				FBD3BADE19D22BA500B16EFF /* doge.png */,
				FBD3BAC519D227F300B16EFF /* Images.xcassets */,
				FBD3BAC719D227F300B16EFF /* LaunchScreen.xib */,
				FBD3BABC19D227F300B16EFF /* Supporting Files */,
			);
			path = dogeAge;
			sourceTree = "<group>";
		};
		FBD3BABC19D227F300B16EFF /* Supporting Files */ = {
			isa = PBXGroup;
			children = (
				FBD3BABD19D227F300B16EFF /* Info.plist */,
			);
			name = "Supporting Files";
			sourceTree = "<group>";
		};
		FBD3BAD119D227F300B16EFF /* dogeAgeTests */ = {
			isa = PBXGroup;
			children = (
				FBD3BAD419D227F300B16EFF /* dogeAgeTests.swift */,
				FBD3BAD219D227F300B16EFF /* Supporting Files */,
			);
			path = dogeAgeTests;
			sourceTree = "<group>";
		};
		FBD3BAD219D227F300B16EFF /* Supporting Files */ = {
			isa = PBXGroup;
			children = (
				FBD3BAD319D227F300B16EFF /* Info.plist */,
			);
			name = "Supporting Files";
			sourceTree = "<group>";
		};
/* End PBXGroup section */

/* Begin PBXNativeTarget section */
		FBD3BAB819D227F300B16EFF /* dogeAge */ = {
			isa = PBXNativeTarget;
			buildConfigurationList = FBD3BAD819D227F300B16EFF /* Build configuration list for PBXNativeTarget "dogeAge" */;
			buildPhases = (
				FBD3BAB519D227F300B16EFF /* Sources */,
				FBD3BAB619D227F300B16EFF /* Frameworks */,
				FBD3BAB719D227F300B16EFF /* Resources */,
			);
			buildRules = (
			);
			dependencies = (
			);
			name = dogeAge;
			productName = dogeAge;
			productReference = FBD3BAB919D227F300B16EFF /* dogeAge.app */;
			productType = "com.apple.product-type.application";
		};
		FBD3BACD19D227F300B16EFF /* dogeAgeTests */ = {
			isa = PBXNativeTarget;
			buildConfigurationList = FBD3BADB19D227F300B16EFF /* Build configuration list for PBXNativeTarget "dogeAgeTests" */;
			buildPhases = (
				FBD3BACA19D227F300B16EFF /* Sources */,
				FBD3BACB19D227F300B16EFF /* Frameworks */,
				FBD3BACC19D227F300B16EFF /* Resources */,
			);
			buildRules = (
			);
			dependencies = (
				FBD3BAD019D227F300B16EFF /* PBXTargetDependency */,
			);
			name = dogeAgeTests;
			productName = dogeAgeTests;
			productReference = FBD3BACE19D227F300B16EFF /* dogeAgeTests.xctest */;
			productType = "com.apple.product-type.bundle.unit-test";
		};
/* End PBXNativeTarget section */

/* Begin PBXProject section */
		FBD3BAB119D227F200B16EFF /* Project object */ = {
			isa = PBXProject;
			attributes = {
				LastSwiftUpdateCheck = 0700;
				LastUpgradeCheck = 0700;
				ORGANIZATIONNAME = "jonny kang";
				TargetAttributes = {
					FBD3BAB819D227F300B16EFF = {
						CreatedOnToolsVersion = 6.0.1;
						DevelopmentTeam = C75TUAUK68;
					};
					FBD3BACD19D227F300B16EFF = {
						CreatedOnToolsVersion = 6.0.1;
						TestTargetID = FBD3BAB819D227F300B16EFF;
					};
				};
			};
			buildConfigurationList = FBD3BAB419D227F200B16EFF /* Build configuration list for PBXProject "dogeAge" */;
			compatibilityVersion = "Xcode 3.2";
			developmentRegion = English;
			hasScannedForEncodings = 0;
			knownRegions = (
				en,
				Base,
			);
			mainGroup = FBD3BAB019D227F200B16EFF;
			productRefGroup = FBD3BABA19D227F300B16EFF /* Products */;
			projectDirPath = "";
			projectRoot = "";
			targets = (
				FBD3BAB819D227F300B16EFF /* dogeAge */,
				FBD3BACD19D227F300B16EFF /* dogeAgeTests */,
			);
		};
/* End PBXProject section */

/* Begin PBXResourcesBuildPhase section */
		FBD3BAB719D227F300B16EFF /* Resources */ = {
			isa = PBXResourcesBuildPhase;
			buildActionMask = 2147483647;
			files = (
				FBD3BAC419D227F300B16EFF /* Main.storyboard in Resources */,
				FBD3BAC919D227F300B16EFF /* LaunchScreen.xib in Resources */,
				FBD3BADF19D22BA500B16EFF /* doge.png in Resources */,
				FBD3BAC619D227F300B16EFF /* Images.xcassets in Resources */,
			);
			runOnlyForDeploymentPostprocessing = 0;
		};
		FBD3BACC19D227F300B16EFF /* Resources */ = {
			isa = PBXResourcesBuildPhase;
			buildActionMask = 2147483647;
			files = (
			);
			runOnlyForDeploymentPostprocessing = 0;
		};
/* End PBXResourcesBuildPhase section */

/* Begin PBXSourcesBuildPhase section */
		FBD3BAB519D227F300B16EFF /* Sources */ = {
			isa = PBXSourcesBuildPhase;
			buildActionMask = 2147483647;
			files = (
				FBAD9DF419DA115C00A38AA3 /* Doge.swift in Sources */,
				FBD3BAC119D227F300B16EFF /* ViewController.swift in Sources */,
				FBD3BABF19D227F300B16EFF /* AppDelegate.swift in Sources */,
			);
			runOnlyForDeploymentPostprocessing = 0;
		};
		FBD3BACA19D227F300B16EFF /* Sources */ = {
			isa = PBXSourcesBuildPhase;
			buildActionMask = 2147483647;
			files = (
				FBB6411619DC7C3900BD531E /* Doge.swift in Sources */,
				FBB6411419DC7BEA00BD531E /* dogeAgeTests.swift in Sources */,
			);
			runOnlyForDeploymentPostprocessing = 0;
		};
/* End PBXSourcesBuildPhase section */

/* Begin PBXTargetDependency section */
		FBD3BAD019D227F300B16EFF /* PBXTargetDependency */ = {
			isa = PBXTargetDependency;
			target = FBD3BAB819D227F300B16EFF /* dogeAge */;
			targetProxy = FBD3BACF19D227F300B16EFF /* PBXContainerItemProxy */;
		};
/* End PBXTargetDependency section */

/* Begin PBXVariantGroup section */
		FBD3BAC219D227F300B16EFF /* Main.storyboard */ = {
			isa = PBXVariantGroup;
			children = (
				FBD3BAC319D227F300B16EFF /* Base */,
			);
			name = Main.storyboard;
			sourceTree = "<group>";
		};
		FBD3BAC719D227F300B16EFF /* LaunchScreen.xib */ = {
			isa = PBXVariantGroup;
			children = (
				FBD3BAC819D227F300B16EFF /* Base */,
			);
			name = LaunchScreen.xib;
			sourceTree = "<group>";
		};
/* End PBXVariantGroup section */

/* Begin XCBuildConfiguration section */
		FBD3BAD619D227F300B16EFF /* Debug */ = {
			isa = XCBuildConfiguration;
			buildSettings = {
				ALWAYS_SEARCH_USER_PATHS = NO;
				CLANG_CXX_LANGUAGE_STANDARD = "gnu++0x";
				CLANG_CXX_LIBRARY = "libc++";
				CLANG_ENABLE_MODULES = YES;
				CLANG_ENABLE_OBJC_ARC = YES;
				CLANG_WARN_BOOL_CONVERSION = YES;
				CLANG_WARN_CONSTANT_CONVERSION = YES;
				CLANG_WARN_DIRECT_OBJC_ISA_USAGE = YES_ERROR;
				CLANG_WARN_EMPTY_BODY = YES;
				CLANG_WARN_ENUM_CONVERSION = YES;
				CLANG_WARN_INT_CONVERSION = YES;
				CLANG_WARN_OBJC_ROOT_CLASS = YES_ERROR;
				CLANG_WARN_UNREACHABLE_CODE = YES;
				CLANG_WARN__DUPLICATE_METHOD_MATCH = YES;
				"CODE_SIGN_IDENTITY[sdk=iphoneos*]" = "iPhone Developer";
				COPY_PHASE_STRIP = NO;
				ENABLE_STRICT_OBJC_MSGSEND = YES;
				ENABLE_TESTABILITY = YES;
				GCC_C_LANGUAGE_STANDARD = gnu99;
				GCC_DYNAMIC_NO_PIC = NO;
				GCC_OPTIMIZATION_LEVEL = 0;
				GCC_PREPROCESSOR_DEFINITIONS = (
					"DEBUG=1",
					"$(inherited)",
				);
				GCC_SYMBOLS_PRIVATE_EXTERN = NO;
				GCC_WARN_64_TO_32_BIT_CONVERSION = YES;
				GCC_WARN_ABOUT_RETURN_TYPE = YES_ERROR;
				GCC_WARN_UNDECLARED_SELECTOR = YES;
				GCC_WARN_UNINITIALIZED_AUTOS = YES_AGGRESSIVE;
				GCC_WARN_UNUSED_FUNCTION = YES;
				GCC_WARN_UNUSED_VARIABLE = YES;
				IPHONEOS_DEPLOYMENT_TARGET = 8.0;
				MTL_ENABLE_DEBUG_INFO = YES;
				ONLY_ACTIVE_ARCH = YES;
				SDKROOT = iphoneos;
				SWIFT_OPTIMIZATION_LEVEL = "-Onone";
			};
			name = Debug;
		};
		FBD3BAD719D227F300B16EFF /* Release */ = {
			isa = XCBuildConfiguration;
			buildSettings = {
				ALWAYS_SEARCH_USER_PATHS = NO;
				CLANG_CXX_LANGUAGE_STANDARD = "gnu++0x";
				CLANG_CXX_LIBRARY = "libc++";
				CLANG_ENABLE_MODULES = YES;
				CLANG_ENABLE_OBJC_ARC = YES;
				CLANG_WARN_BOOL_CONVERSION = YES;
				CLANG_WARN_CONSTANT_CONVERSION = YES;
				CLANG_WARN_DIRECT_OBJC_ISA_USAGE = YES_ERROR;
				CLANG_WARN_EMPTY_BODY = YES;
				CLANG_WARN_ENUM_CONVERSION = YES;
				CLANG_WARN_INT_CONVERSION = YES;
				CLANG_WARN_OBJC_ROOT_CLASS = YES_ERROR;
				CLANG_WARN_UNREACHABLE_CODE = YES;
				CLANG_WARN__DUPLICATE_METHOD_MATCH = YES;
				"CODE_SIGN_IDENTITY[sdk=iphoneos*]" = "iPhone Developer";
				COPY_PHASE_STRIP = YES;
				ENABLE_NS_ASSERTIONS = NO;
				ENABLE_STRICT_OBJC_MSGSEND = YES;
				GCC_C_LANGUAGE_STANDARD = gnu99;
				GCC_WARN_64_TO_32_BIT_CONVERSION = YES;
				GCC_WARN_ABOUT_RETURN_TYPE = YES_ERROR;
				GCC_WARN_UNDECLARED_SELECTOR = YES;
				GCC_WARN_UNINITIALIZED_AUTOS = YES_AGGRESSIVE;
				GCC_WARN_UNUSED_FUNCTION = YES;
				GCC_WARN_UNUSED_VARIABLE = YES;
				IPHONEOS_DEPLOYMENT_TARGET = 8.0;
				MTL_ENABLE_DEBUG_INFO = NO;
				SDKROOT = iphoneos;
				VALIDATE_PRODUCT = YES;
			};
			name = Release;
		};
		FBD3BAD919D227F300B16EFF /* Debug */ = {
			isa = XCBuildConfiguration;
			buildSettings = {
				ASSETCATALOG_COMPILER_APPICON_NAME = AppIcon;
				INFOPLIST_FILE = dogeAge/Info.plist;
				LD_RUNPATH_SEARCH_PATHS = "$(inherited) @executable_path/Frameworks";
				PRODUCT_BUNDLE_IDENTIFIER = "jonny.$(PRODUCT_NAME:rfc1034identifier)";
				PRODUCT_NAME = "$(TARGET_NAME)";
			};
			name = Debug;
		};
		FBD3BADA19D227F300B16EFF /* Release */ = {
			isa = XCBuildConfiguration;
			buildSettings = {
				ASSETCATALOG_COMPILER_APPICON_NAME = AppIcon;
				INFOPLIST_FILE = dogeAge/Info.plist;
				LD_RUNPATH_SEARCH_PATHS = "$(inherited) @executable_path/Frameworks";
				PRODUCT_BUNDLE_IDENTIFIER = "jonny.$(PRODUCT_NAME:rfc1034identifier)";
				PRODUCT_NAME = "$(TARGET_NAME)";
			};
			name = Release;
		};
		FBD3BADC19D227F300B16EFF /* Debug */ = {
			isa = XCBuildConfiguration;
			buildSettings = {
				BUNDLE_LOADER = "$(TEST_HOST)";
				FRAMEWORK_SEARCH_PATHS = (
					"$(SDKROOT)/Developer/Library/Frameworks",
					"$(inherited)",
				);
				GCC_PREPROCESSOR_DEFINITIONS = (
					"DEBUG=1",
					"$(inherited)",
				);
				INFOPLIST_FILE = dogeAgeTests/Info.plist;
				LD_RUNPATH_SEARCH_PATHS = "$(inherited) @executable_path/Frameworks @loader_path/Frameworks";
				PRODUCT_BUNDLE_IDENTIFIER = "jonny.$(PRODUCT_NAME:rfc1034identifier)";
				PRODUCT_NAME = "$(TARGET_NAME)";
				TEST_HOST = "$(BUILT_PRODUCTS_DIR)/dogeAge.app/dogeAge";
			};
			name = Debug;
		};
		FBD3BADD19D227F300B16EFF /* Release */ = {
			isa = XCBuildConfiguration;
			buildSettings = {
				BUNDLE_LOADER = "$(TEST_HOST)";
				FRAMEWORK_SEARCH_PATHS = (
					"$(SDKROOT)/Developer/Library/Frameworks",
					"$(inherited)",
				);
				INFOPLIST_FILE = dogeAgeTests/Info.plist;
				LD_RUNPATH_SEARCH_PATHS = "$(inherited) @executable_path/Frameworks @loader_path/Frameworks";
				PRODUCT_BUNDLE_IDENTIFIER = "jonny.$(PRODUCT_NAME:rfc1034identifier)";
				PRODUCT_NAME = "$(TARGET_NAME)";
				TEST_HOST = "$(BUILT_PRODUCTS_DIR)/dogeAge.app/dogeAge";
			};
			name = Release;
		};
/* End XCBuildConfiguration section */

/* Begin XCConfigurationList section */
		FBD3BAB419D227F200B16EFF /* Build configuration list for PBXProject "dogeAge" */ = {
			isa = XCConfigurationList;
			buildConfigurations = (
				FBD3BAD619D227F300B16EFF /* Debug */,
				FBD3BAD719D227F300B16EFF /* Release */,
			);
			defaultConfigurationIsVisible = 0;
			defaultConfigurationName = Release;
		};
		FBD3BAD819D227F300B16EFF /* Build configuration list for PBXNativeTarget "dogeAge" */ = {
			isa = XCConfigurationList;
			buildConfigurations = (
				FBD3BAD919D227F300B16EFF /* Debug */,
				FBD3BADA19D227F300B16EFF /* Release */,
			);
			defaultConfigurationIsVisible = 0;
			defaultConfigurationName = Release;
		};
		FBD3BADB19D227F300B16EFF /* Build configuration list for PBXNativeTarget "dogeAgeTests" */ = {
			isa = XCConfigurationList;
			buildConfigurations = (
				FBD3BADC19D227F300B16EFF /* Debug */,
				FBD3BADD19D227F300B16EFF /* Release */,
			);
			defaultConfigurationIsVisible = 0;
			defaultConfigurationName = Release;
		};
/* End XCConfigurationList section */
	};
	rootObject = FBD3BAB119D227F200B16EFF /* Project object */;
}
